// !$*UTF8*$!
{
	archiveVersion = 1;
	classes = {
	};
	objectVersion = 77;
	objects = {

/* Begin PBXBuildFile section */
		6CF5BE342DA6E65100EFE633 /* LynkBookmark.appex in Embed Foundation Extensions */ = {isa = PBXBuildFile; fileRef = 6CF5BE2A2DA6E65100EFE633 /* LynkBookmark.appex */; settings = {ATTRIBUTES = (RemoveHeadersOnCopy, ); }; };
/* End PBXBuildFile section */

/* Begin PBXContainerItemProxy section */
		6CF5BE322DA6E65100EFE633 /* PBXContainerItemProxy */ = {
			isa = PBXContainerItemProxy;
			containerPortal = 6CF5BDF42DA6CB4500EFE633 /* Project object */;
			proxyType = 1;
			remoteGlobalIDString = 6CF5BE292DA6E65100EFE633;
			remoteInfo = LynkBookmark;
		};
/* End PBXContainerItemProxy section */

/* Begin PBXCopyFilesBuildPhase section */
		6CF5BE392DA6E65100EFE633 /* Embed Foundation Extensions */ = {
			isa = PBXCopyFilesBuildPhase;
			buildActionMask = 2147483647;
			dstPath = "";
			dstSubfolderSpec = 13;
			files = (
				6CF5BE342DA6E65100EFE633 /* LynkBookmark.appex in Embed Foundation Extensions */,
			);
			name = "Embed Foundation Extensions";
			runOnlyForDeploymentPostprocessing = 0;
		};
/* End PBXCopyFilesBuildPhase section */

/* Begin PBXFileReference section */
		6CF5BDFC2DA6CB4500EFE633 /* Lynk.app */ = {isa = PBXFileReference; explicitFileType = wrapper.application; includeInIndex = 0; path = Lynk.app; sourceTree = BUILT_PRODUCTS_DIR; };
		6CF5BE2A2DA6E65100EFE633 /* LynkBookmark.appex */ = {isa = PBXFileReference; explicitFileType = "wrapper.app-extension"; includeInIndex = 0; path = LynkBookmark.appex; sourceTree = BUILT_PRODUCTS_DIR; };
		6CFC312F2DEB023D003BCCBF /* Lynk-mac.app */ = {isa = PBXFileReference; explicitFileType = wrapper.application; includeInIndex = 0; path = "Lynk-mac.app"; sourceTree = BUILT_PRODUCTS_DIR; };
/* End PBXFileReference section */

/* Begin PBXFileSystemSynchronizedBuildFileExceptionSet section */
		6C3118102DD34D560066119B /* Exceptions for "Lynk" folder in "Lynk" target */ = {
			isa = PBXFileSystemSynchronizedBuildFileExceptionSet;
			membershipExceptions = (
				Info.plist,
			);
			target = 6CF5BDFB2DA6CB4500EFE633 /* Lynk */;
		};
		6CF5BE352DA6E65100EFE633 /* Exceptions for "LynkBookmark" folder in "LynkBookmark" target */ = {
			isa = PBXFileSystemSynchronizedBuildFileExceptionSet;
			membershipExceptions = (
				Info.plist,
			);
			target = 6CF5BE292DA6E65100EFE633 /* LynkBookmark */;
		};
		6CF5BE3F2DA6EDA500EFE633 /* Exceptions for "Lynk" folder in "LynkBookmark" target */ = {
			isa = PBXFileSystemSynchronizedBuildFileExceptionSet;
			membershipExceptions = (
				Components/ExtensionShareView.swift,
				Components/IconView.swift,
				Components/ItemCellView.swift,
				Components/RemoteImage.swift,
				Components/SaveStatusView.swift,
				Components/TextBookmarkView.swift,
				Components/URLBookmark.swift,
				Components/WebPageBookmark.swift,
				Constants/Constants.swift,
				"Extensions/Date+Extension.swift",
				Extensions/RoundedCorner.swift,
				Helpers/AppFlag.swift,
				Helpers/ImageCache.swift,
				LocalStorage/Bookmarks.xcdatamodeld,
				LocalStorage/LocalStorage.swift,
				Models/BookmarkModel.swift,
				Network/ImageLoader.swift,
				Network/WebPageMetadata.swift,
			);
			target = 6CF5BE292DA6E65100EFE633 /* LynkBookmark */;
		};
		6CFC31452DEB070F003BCCBF /* Exceptions for "Lynk" folder in "Lynk-mac" target */ = {
			isa = PBXFileSystemSynchronizedBuildFileExceptionSet;
			membershipExceptions = (
				Components/IconView.swift,
				Components/ItemCellView.swift,
				Components/RemoteImage.swift,
				Components/TextBookmarkView.swift,
				Components/URLBookmark.swift,
				Components/WebPageBookmark.swift,
				Helpers/ImageCache.swift,
				Models/BookmarkModel.swift,
				Network/ImageLoader.swift,
			);
			target = 6CFC312E2DEB023D003BCCBF /* Lynk-mac */;
		};
/* End PBXFileSystemSynchronizedBuildFileExceptionSet section */

/* Begin PBXFileSystemSynchronizedRootGroup section */
		6CF5BDFE2DA6CB4500EFE633 /* Lynk */ = {
			isa = PBXFileSystemSynchronizedRootGroup;
			exceptions = (
				6C3118102DD34D560066119B /* Exceptions for "Lynk" folder in "Lynk" target */,
				6CF5BE3F2DA6EDA500EFE633 /* Exceptions for "Lynk" folder in "LynkBookmark" target */,
				6CFC31452DEB070F003BCCBF /* Exceptions for "Lynk" folder in "Lynk-mac" target */,
			);
			path = Lynk;
			sourceTree = "<group>";
		};
		6CF5BE2B2DA6E65100EFE633 /* LynkBookmark */ = {
			isa = PBXFileSystemSynchronizedRootGroup;
			exceptions = (
				6CF5BE352DA6E65100EFE633 /* Exceptions for "LynkBookmark" folder in "LynkBookmark" target */,
			);
			path = LynkBookmark;
			sourceTree = "<group>";
		};
		6CFC31302DEB023D003BCCBF /* Lynk-mac */ = {
			isa = PBXFileSystemSynchronizedRootGroup;
			path = "Lynk-mac";
			sourceTree = "<group>";
		};
/* End PBXFileSystemSynchronizedRootGroup section */

/* Begin PBXFrameworksBuildPhase section */
		6CF5BDF92DA6CB4500EFE633 /* Frameworks */ = {
			isa = PBXFrameworksBuildPhase;
			buildActionMask = 2147483647;
			files = (
			);
			runOnlyForDeploymentPostprocessing = 0;
		};
		6CF5BE272DA6E65100EFE633 /* Frameworks */ = {
			isa = PBXFrameworksBuildPhase;
			buildActionMask = 2147483647;
			files = (
			);
			runOnlyForDeploymentPostprocessing = 0;
		};
		6CFC312C2DEB023D003BCCBF /* Frameworks */ = {
			isa = PBXFrameworksBuildPhase;
			buildActionMask = 2147483647;
			files = (
			);
			runOnlyForDeploymentPostprocessing = 0;
		};
/* End PBXFrameworksBuildPhase section */

/* Begin PBXGroup section */
		6CF5BDF32DA6CB4500EFE633 = {
			isa = PBXGroup;
			children = (
				6CF5BDFE2DA6CB4500EFE633 /* Lynk */,
				6CF5BE2B2DA6E65100EFE633 /* LynkBookmark */,
				6CFC31302DEB023D003BCCBF /* Lynk-mac */,
				6CF5BDFD2DA6CB4500EFE633 /* Products */,
			);
			sourceTree = "<group>";
		};
		6CF5BDFD2DA6CB4500EFE633 /* Products */ = {
			isa = PBXGroup;
			children = (
				6CF5BDFC2DA6CB4500EFE633 /* Lynk.app */,
				6CF5BE2A2DA6E65100EFE633 /* LynkBookmark.appex */,
				6CFC312F2DEB023D003BCCBF /* Lynk-mac.app */,
			);
			name = Products;
			sourceTree = "<group>";
		};
/* End PBXGroup section */

/* Begin PBXNativeTarget section */
		6CF5BDFB2DA6CB4500EFE633 /* Lynk */ = {
			isa = PBXNativeTarget;
			buildConfigurationList = 6CF5BE0A2DA6CB4600EFE633 /* Build configuration list for PBXNativeTarget "Lynk" */;
			buildPhases = (
				6CF5BDF82DA6CB4500EFE633 /* Sources */,
				6CF5BDF92DA6CB4500EFE633 /* Frameworks */,
				6CF5BDFA2DA6CB4500EFE633 /* Resources */,
				6CF5BE392DA6E65100EFE633 /* Embed Foundation Extensions */,
			);
			buildRules = (
			);
			dependencies = (
				6CF5BE332DA6E65100EFE633 /* PBXTargetDependency */,
			);
			fileSystemSynchronizedGroups = (
				6CF5BDFE2DA6CB4500EFE633 /* Lynk */,
			);
			name = Lynk;
			packageProductDependencies = (
			);
			productName = Lynk;
			productReference = 6CF5BDFC2DA6CB4500EFE633 /* Lynk.app */;
			productType = "com.apple.product-type.application";
		};
		6CF5BE292DA6E65100EFE633 /* LynkBookmark */ = {
			isa = PBXNativeTarget;
			buildConfigurationList = 6CF5BE362DA6E65100EFE633 /* Build configuration list for PBXNativeTarget "LynkBookmark" */;
			buildPhases = (
				6CF5BE262DA6E65100EFE633 /* Sources */,
				6CF5BE272DA6E65100EFE633 /* Frameworks */,
				6CF5BE282DA6E65100EFE633 /* Resources */,
			);
			buildRules = (
			);
			dependencies = (
			);
			fileSystemSynchronizedGroups = (
				6CF5BE2B2DA6E65100EFE633 /* LynkBookmark */,
			);
			name = LynkBookmark;
			packageProductDependencies = (
			);
			productName = LynkBookmark;
			productReference = 6CF5BE2A2DA6E65100EFE633 /* LynkBookmark.appex */;
			productType = "com.apple.product-type.app-extension";
		};
		6CFC312E2DEB023D003BCCBF /* Lynk-mac */ = {
			isa = PBXNativeTarget;
			buildConfigurationList = 6CFC313B2DEB023E003BCCBF /* Build configuration list for PBXNativeTarget "Lynk-mac" */;
			buildPhases = (
				6CFC312B2DEB023D003BCCBF /* Sources */,
				6CFC312C2DEB023D003BCCBF /* Frameworks */,
				6CFC312D2DEB023D003BCCBF /* Resources */,
			);
			buildRules = (
			);
			dependencies = (
			);
			fileSystemSynchronizedGroups = (
				6CFC31302DEB023D003BCCBF /* Lynk-mac */,
			);
			name = "Lynk-mac";
			packageProductDependencies = (
			);
			productName = "Lynk-mac";
			productReference = 6CFC312F2DEB023D003BCCBF /* Lynk-mac.app */;
			productType = "com.apple.product-type.application";
		};
/* End PBXNativeTarget section */

/* Begin PBXProject section */
		6CF5BDF42DA6CB4500EFE633 /* Project object */ = {
			isa = PBXProject;
			attributes = {
				BuildIndependentTargetsInParallel = 1;
				LastSwiftUpdateCheck = 1620;
				LastUpgradeCheck = 1620;
				TargetAttributes = {
					6CF5BDFB2DA6CB4500EFE633 = {
						CreatedOnToolsVersion = 16.2;
					};
					6CF5BE292DA6E65100EFE633 = {
						CreatedOnToolsVersion = 16.2;
					};
					6CFC312E2DEB023D003BCCBF = {
						CreatedOnToolsVersion = 16.2;
					};
				};
			};
			buildConfigurationList = 6CF5BDF72DA6CB4500EFE633 /* Build configuration list for PBXProject "Lynk" */;
			developmentRegion = en;
			hasScannedForEncodings = 0;
			knownRegions = (
				en,
				Base,
			);
			mainGroup = 6CF5BDF32DA6CB4500EFE633;
			minimizedProjectReferenceProxies = 1;
			preferredProjectObjectVersion = 77;
			productRefGroup = 6CF5BDFD2DA6CB4500EFE633 /* Products */;
			projectDirPath = "";
			projectRoot = "";
			targets = (
				6CF5BDFB2DA6CB4500EFE633 /* Lynk */,
				6CF5BE292DA6E65100EFE633 /* LynkBookmark */,
				6CFC312E2DEB023D003BCCBF /* Lynk-mac */,
			);
		};
/* End PBXProject section */

/* Begin PBXResourcesBuildPhase section */
		6CF5BDFA2DA6CB4500EFE633 /* Resources */ = {
			isa = PBXResourcesBuildPhase;
			buildActionMask = 2147483647;
			files = (
			);
			runOnlyForDeploymentPostprocessing = 0;
		};
		6CF5BE282DA6E65100EFE633 /* Resources */ = {
			isa = PBXResourcesBuildPhase;
			buildActionMask = 2147483647;
			files = (
			);
			runOnlyForDeploymentPostprocessing = 0;
		};
		6CFC312D2DEB023D003BCCBF /* Resources */ = {
			isa = PBXResourcesBuildPhase;
			buildActionMask = 2147483647;
			files = (
			);
			runOnlyForDeploymentPostprocessing = 0;
		};
/* End PBXResourcesBuildPhase section */

/* Begin PBXSourcesBuildPhase section */
		6CF5BDF82DA6CB4500EFE633 /* Sources */ = {
			isa = PBXSourcesBuildPhase;
			buildActionMask = 2147483647;
			files = (
			);
			runOnlyForDeploymentPostprocessing = 0;
		};
		6CF5BE262DA6E65100EFE633 /* Sources */ = {
			isa = PBXSourcesBuildPhase;
			buildActionMask = 2147483647;
			files = (
			);
			runOnlyForDeploymentPostprocessing = 0;
		};
		6CFC312B2DEB023D003BCCBF /* Sources */ = {
			isa = PBXSourcesBuildPhase;
			buildActionMask = 2147483647;
			files = (
			);
			runOnlyForDeploymentPostprocessing = 0;
		};
/* End PBXSourcesBuildPhase section */

/* Begin PBXTargetDependency section */
		6CF5BE332DA6E65100EFE633 /* PBXTargetDependency */ = {
			isa = PBXTargetDependency;
			target = 6CF5BE292DA6E65100EFE633 /* LynkBookmark */;
			targetProxy = 6CF5BE322DA6E65100EFE633 /* PBXContainerItemProxy */;
		};
/* End PBXTargetDependency section */

/* Begin XCBuildConfiguration section */
		6CF5BE082DA6CB4600EFE633 /* Debug */ = {
			isa = XCBuildConfiguration;
			buildSettings = {
				ALWAYS_SEARCH_USER_PATHS = NO;
				ASSETCATALOG_COMPILER_GENERATE_SWIFT_ASSET_SYMBOL_EXTENSIONS = YES;
				CLANG_ANALYZER_NONNULL = YES;
				CLANG_ANALYZER_NUMBER_OBJECT_CONVERSION = YES_AGGRESSIVE;
				CLANG_CXX_LANGUAGE_STANDARD = "gnu++20";
				CLANG_ENABLE_MODULES = YES;
				CLANG_ENABLE_OBJC_ARC = YES;
				CLANG_ENABLE_OBJC_WEAK = YES;
				CLANG_WARN_BLOCK_CAPTURE_AUTORELEASING = YES;
				CLANG_WARN_BOOL_CONVERSION = YES;
				CLANG_WARN_COMMA = YES;
				CLANG_WARN_CONSTANT_CONVERSION = YES;
				CLANG_WARN_DEPRECATED_OBJC_IMPLEMENTATIONS = YES;
				CLANG_WARN_DIRECT_OBJC_ISA_USAGE = YES_ERROR;
				CLANG_WARN_DOCUMENTATION_COMMENTS = YES;
				CLANG_WARN_EMPTY_BODY = YES;
				CLANG_WARN_ENUM_CONVERSION = YES;
				CLANG_WARN_INFINITE_RECURSION = YES;
				CLANG_WARN_INT_CONVERSION = YES;
				CLANG_WARN_NON_LITERAL_NULL_CONVERSION = YES;
				CLANG_WARN_OBJC_IMPLICIT_RETAIN_SELF = YES;
				CLANG_WARN_OBJC_LITERAL_CONVERSION = YES;
				CLANG_WARN_OBJC_ROOT_CLASS = YES_ERROR;
				CLANG_WARN_QUOTED_INCLUDE_IN_FRAMEWORK_HEADER = YES;
				CLANG_WARN_RANGE_LOOP_ANALYSIS = YES;
				CLANG_WARN_STRICT_PROTOTYPES = YES;
				CLANG_WARN_SUSPICIOUS_MOVE = YES;
				CLANG_WARN_UNGUARDED_AVAILABILITY = YES_AGGRESSIVE;
				CLANG_WARN_UNREACHABLE_CODE = YES;
				CLANG_WARN__DUPLICATE_METHOD_MATCH = YES;
				COPY_PHASE_STRIP = NO;
				DEBUG_INFORMATION_FORMAT = dwarf;
				ENABLE_STRICT_OBJC_MSGSEND = YES;
				ENABLE_TESTABILITY = YES;
				ENABLE_USER_SCRIPT_SANDBOXING = YES;
				GCC_C_LANGUAGE_STANDARD = gnu17;
				GCC_DYNAMIC_NO_PIC = NO;
				GCC_NO_COMMON_BLOCKS = YES;
				GCC_OPTIMIZATION_LEVEL = 0;
				GCC_PREPROCESSOR_DEFINITIONS = (
					"DEBUG=1",
					"$(inherited)",
				);
				GCC_WARN_64_TO_32_BIT_CONVERSION = YES;
				GCC_WARN_ABOUT_RETURN_TYPE = YES_ERROR;
				GCC_WARN_UNDECLARED_SELECTOR = YES;
				GCC_WARN_UNINITIALIZED_AUTOS = YES_AGGRESSIVE;
				GCC_WARN_UNUSED_FUNCTION = YES;
				GCC_WARN_UNUSED_VARIABLE = YES;
				IPHONEOS_DEPLOYMENT_TARGET = 18.2;
				LOCALIZATION_PREFERS_STRING_CATALOGS = YES;
				MTL_ENABLE_DEBUG_INFO = INCLUDE_SOURCE;
				MTL_FAST_MATH = YES;
				ONLY_ACTIVE_ARCH = YES;
				SDKROOT = iphoneos;
				SWIFT_ACTIVE_COMPILATION_CONDITIONS = "DEBUG $(inherited)";
				SWIFT_OPTIMIZATION_LEVEL = "-Onone";
			};
			name = Debug;
		};
		6CF5BE092DA6CB4600EFE633 /* Release */ = {
			isa = XCBuildConfiguration;
			buildSettings = {
				ALWAYS_SEARCH_USER_PATHS = NO;
				ASSETCATALOG_COMPILER_GENERATE_SWIFT_ASSET_SYMBOL_EXTENSIONS = YES;
				CLANG_ANALYZER_NONNULL = YES;
				CLANG_ANALYZER_NUMBER_OBJECT_CONVERSION = YES_AGGRESSIVE;
				CLANG_CXX_LANGUAGE_STANDARD = "gnu++20";
				CLANG_ENABLE_MODULES = YES;
				CLANG_ENABLE_OBJC_ARC = YES;
				CLANG_ENABLE_OBJC_WEAK = YES;
				CLANG_WARN_BLOCK_CAPTURE_AUTORELEASING = YES;
				CLANG_WARN_BOOL_CONVERSION = YES;
				CLANG_WARN_COMMA = YES;
				CLANG_WARN_CONSTANT_CONVERSION = YES;
				CLANG_WARN_DEPRECATED_OBJC_IMPLEMENTATIONS = YES;
				CLANG_WARN_DIRECT_OBJC_ISA_USAGE = YES_ERROR;
				CLANG_WARN_DOCUMENTATION_COMMENTS = YES;
				CLANG_WARN_EMPTY_BODY = YES;
				CLANG_WARN_ENUM_CONVERSION = YES;
				CLANG_WARN_INFINITE_RECURSION = YES;
				CLANG_WARN_INT_CONVERSION = YES;
				CLANG_WARN_NON_LITERAL_NULL_CONVERSION = YES;
				CLANG_WARN_OBJC_IMPLICIT_RETAIN_SELF = YES;
				CLANG_WARN_OBJC_LITERAL_CONVERSION = YES;
				CLANG_WARN_OBJC_ROOT_CLASS = YES_ERROR;
				CLANG_WARN_QUOTED_INCLUDE_IN_FRAMEWORK_HEADER = YES;
				CLANG_WARN_RANGE_LOOP_ANALYSIS = YES;
				CLANG_WARN_STRICT_PROTOTYPES = YES;
				CLANG_WARN_SUSPICIOUS_MOVE = YES;
				CLANG_WARN_UNGUARDED_AVAILABILITY = YES_AGGRESSIVE;
				CLANG_WARN_UNREACHABLE_CODE = YES;
				CLANG_WARN__DUPLICATE_METHOD_MATCH = YES;
				COPY_PHASE_STRIP = NO;
				DEBUG_INFORMATION_FORMAT = "dwarf-with-dsym";
				ENABLE_NS_ASSERTIONS = NO;
				ENABLE_STRICT_OBJC_MSGSEND = YES;
				ENABLE_USER_SCRIPT_SANDBOXING = YES;
				GCC_C_LANGUAGE_STANDARD = gnu17;
				GCC_NO_COMMON_BLOCKS = YES;
				GCC_WARN_64_TO_32_BIT_CONVERSION = YES;
				GCC_WARN_ABOUT_RETURN_TYPE = YES_ERROR;
				GCC_WARN_UNDECLARED_SELECTOR = YES;
				GCC_WARN_UNINITIALIZED_AUTOS = YES_AGGRESSIVE;
				GCC_WARN_UNUSED_FUNCTION = YES;
				GCC_WARN_UNUSED_VARIABLE = YES;
				IPHONEOS_DEPLOYMENT_TARGET = 18.2;
				LOCALIZATION_PREFERS_STRING_CATALOGS = YES;
				MTL_ENABLE_DEBUG_INFO = NO;
				MTL_FAST_MATH = YES;
				SDKROOT = iphoneos;
				SWIFT_COMPILATION_MODE = wholemodule;
				VALIDATE_PRODUCT = YES;
			};
			name = Release;
		};
		6CF5BE0B2DA6CB4600EFE633 /* Debug */ = {
			isa = XCBuildConfiguration;
			buildSettings = {
				ASSETCATALOG_COMPILER_APPICON_NAME = AppIcon;
				ASSETCATALOG_COMPILER_GLOBAL_ACCENT_COLOR_NAME = AccentColor;
				CODE_SIGN_ENTITLEMENTS = Lynk/Lynk.entitlements;
				CODE_SIGN_STYLE = Automatic;
				CURRENT_PROJECT_VERSION = 1;
				DEVELOPMENT_ASSET_PATHS = "\"Lynk/Preview Content\"";
				DEVELOPMENT_TEAM = Q5DZZT9AYD;
				ENABLE_PREVIEWS = YES;
				GENERATE_INFOPLIST_FILE = YES;
				INFOPLIST_FILE = Lynk/Info.plist;
				INFOPLIST_KEY_CFBundleDisplayName = Lynk;
				INFOPLIST_KEY_LSApplicationCategoryType = "public.app-category.utilities";
				INFOPLIST_KEY_NSFaceIDUsageDescription = "Lynk uses your face ID to unlock your data related to Lynk only";
				INFOPLIST_KEY_UIApplicationSceneManifest_Generation = YES;
				INFOPLIST_KEY_UIApplicationSupportsIndirectInputEvents = YES;
				INFOPLIST_KEY_UILaunchScreen_Generation = YES;
				INFOPLIST_KEY_UILaunchStoryboardName = LaunchScreen.storyboard;
				INFOPLIST_KEY_UISupportedInterfaceOrientations_iPad = "UIInterfaceOrientationPortrait UIInterfaceOrientationPortraitUpsideDown UIInterfaceOrientationLandscapeLeft UIInterfaceOrientationLandscapeRight";
				INFOPLIST_KEY_UISupportedInterfaceOrientations_iPhone = "UIInterfaceOrientationPortrait UIInterfaceOrientationLandscapeLeft UIInterfaceOrientationLandscapeRight";
				IPHONEOS_DEPLOYMENT_TARGET = 16.6;
				LD_RUNPATH_SEARCH_PATHS = (
					"$(inherited)",
					"@executable_path/Frameworks",
				);
				MARKETING_VERSION = 1.0.0;
				PRODUCT_BUNDLE_IDENTIFIER = rw.lynk.app.ernest.ios;
				PRODUCT_NAME = "$(TARGET_NAME)";
				SUPPORTED_PLATFORMS = "iphoneos iphonesimulator";
				SUPPORTS_MACCATALYST = NO;
				SUPPORTS_MAC_DESIGNED_FOR_IPHONE_IPAD = NO;
				SUPPORTS_XR_DESIGNED_FOR_IPHONE_IPAD = NO;
				SWIFT_EMIT_LOC_STRINGS = YES;
				SWIFT_VERSION = 5.0;
				TARGETED_DEVICE_FAMILY = 1;
			};
			name = Debug;
		};
		6CF5BE0C2DA6CB4600EFE633 /* Release */ = {
			isa = XCBuildConfiguration;
			buildSettings = {
				ASSETCATALOG_COMPILER_APPICON_NAME = AppIcon;
				ASSETCATALOG_COMPILER_GLOBAL_ACCENT_COLOR_NAME = AccentColor;
				CODE_SIGN_ENTITLEMENTS = Lynk/Lynk.entitlements;
				CODE_SIGN_STYLE = Automatic;
				CURRENT_PROJECT_VERSION = 1;
				DEVELOPMENT_ASSET_PATHS = "\"Lynk/Preview Content\"";
				DEVELOPMENT_TEAM = Q5DZZT9AYD;
				ENABLE_PREVIEWS = YES;
				GENERATE_INFOPLIST_FILE = YES;
				INFOPLIST_FILE = Lynk/Info.plist;
				INFOPLIST_KEY_CFBundleDisplayName = Lynk;
				INFOPLIST_KEY_LSApplicationCategoryType = "public.app-category.utilities";
				INFOPLIST_KEY_NSFaceIDUsageDescription = "Lynk uses your face ID to unlock your data related to Lynk only";
				INFOPLIST_KEY_UIApplicationSceneManifest_Generation = YES;
				INFOPLIST_KEY_UIApplicationSupportsIndirectInputEvents = YES;
				INFOPLIST_KEY_UILaunchScreen_Generation = YES;
				INFOPLIST_KEY_UILaunchStoryboardName = LaunchScreen.storyboard;
				INFOPLIST_KEY_UISupportedInterfaceOrientations_iPad = "UIInterfaceOrientationPortrait UIInterfaceOrientationPortraitUpsideDown UIInterfaceOrientationLandscapeLeft UIInterfaceOrientationLandscapeRight";
				INFOPLIST_KEY_UISupportedInterfaceOrientations_iPhone = "UIInterfaceOrientationPortrait UIInterfaceOrientationLandscapeLeft UIInterfaceOrientationLandscapeRight";
				IPHONEOS_DEPLOYMENT_TARGET = 16.6;
				LD_RUNPATH_SEARCH_PATHS = (
					"$(inherited)",
					"@executable_path/Frameworks",
				);
				MARKETING_VERSION = 1.0.0;
				PRODUCT_BUNDLE_IDENTIFIER = rw.lynk.app.ernest.ios;
				PRODUCT_NAME = "$(TARGET_NAME)";
				SUPPORTED_PLATFORMS = "iphoneos iphonesimulator";
				SUPPORTS_MACCATALYST = NO;
				SUPPORTS_MAC_DESIGNED_FOR_IPHONE_IPAD = NO;
				SUPPORTS_XR_DESIGNED_FOR_IPHONE_IPAD = NO;
				SWIFT_EMIT_LOC_STRINGS = YES;
				SWIFT_VERSION = 5.0;
				TARGETED_DEVICE_FAMILY = 1;
			};
			name = Release;
		};
		6CF5BE372DA6E65100EFE633 /* Debug */ = {
			isa = XCBuildConfiguration;
			buildSettings = {
				CODE_SIGN_ENTITLEMENTS = LynkBookmark/LynkBookmark.entitlements;
				CODE_SIGN_STYLE = Automatic;
				CURRENT_PROJECT_VERSION = 1;
				DEVELOPMENT_TEAM = Q5DZZT9AYD;
				GENERATE_INFOPLIST_FILE = YES;
				INFOPLIST_FILE = LynkBookmark/Info.plist;
				INFOPLIST_KEY_CFBundleDisplayName = Lynk;
				INFOPLIST_KEY_NSHumanReadableCopyright = "";
				IPHONEOS_DEPLOYMENT_TARGET = 16.6;
				LD_RUNPATH_SEARCH_PATHS = (
					"$(inherited)",
					"@executable_path/Frameworks",
					"@executable_path/../../Frameworks",
				);
				MARKETING_VERSION = 1.0.0;
				PRODUCT_BUNDLE_IDENTIFIER = rw.lynk.app.ernest.ios.bookmark;
				PRODUCT_NAME = "$(TARGET_NAME)";
				SKIP_INSTALL = YES;
				SWIFT_EMIT_LOC_STRINGS = YES;
				SWIFT_VERSION = 5.0;
				TARGETED_DEVICE_FAMILY = "1,2";
			};
			name = Debug;
		};
		6CF5BE382DA6E65100EFE633 /* Release */ = {
			isa = XCBuildConfiguration;
			buildSettings = {
				CODE_SIGN_ENTITLEMENTS = LynkBookmark/LynkBookmark.entitlements;
				CODE_SIGN_STYLE = Automatic;
				CURRENT_PROJECT_VERSION = 1;
				DEVELOPMENT_TEAM = Q5DZZT9AYD;
				GENERATE_INFOPLIST_FILE = YES;
				INFOPLIST_FILE = LynkBookmark/Info.plist;
				INFOPLIST_KEY_CFBundleDisplayName = Lynk;
				INFOPLIST_KEY_NSHumanReadableCopyright = "";
				IPHONEOS_DEPLOYMENT_TARGET = 16.6;
				LD_RUNPATH_SEARCH_PATHS = (
					"$(inherited)",
					"@executable_path/Frameworks",
					"@executable_path/../../Frameworks",
				);
				MARKETING_VERSION = 1.0.0;
				PRODUCT_BUNDLE_IDENTIFIER = rw.lynk.app.ernest.ios.bookmark;
				PRODUCT_NAME = "$(TARGET_NAME)";
				SKIP_INSTALL = YES;
				SWIFT_EMIT_LOC_STRINGS = YES;
				SWIFT_VERSION = 5.0;
				TARGETED_DEVICE_FAMILY = "1,2";
			};
			name = Release;
		};
		6CFC313C2DEB023E003BCCBF /* Debug */ = {
			isa = XCBuildConfiguration;
			buildSettings = {
				ASSETCATALOG_COMPILER_APPICON_NAME = AppIcon;
				ASSETCATALOG_COMPILER_GLOBAL_ACCENT_COLOR_NAME = AccentColor;
				ASSETCATALOG_COMPILER_INCLUDE_ALL_APPICON_ASSETS = NO;
				CODE_SIGN_ENTITLEMENTS = "Lynk-mac/Lynk_mac.entitlements";
				CODE_SIGN_STYLE = Automatic;
				COMBINE_HIDPI_IMAGES = YES;
				CURRENT_PROJECT_VERSION = 1;
				DEVELOPMENT_ASSET_PATHS = "\"Lynk-mac/Preview Content\"";
				ENABLE_PREVIEWS = YES;
				GENERATE_INFOPLIST_FILE = YES;
				INFOPLIST_KEY_CFBundleDisplayName = Lynk;
				INFOPLIST_KEY_NSHumanReadableCopyright = "";
				LD_RUNPATH_SEARCH_PATHS = (
					"$(inherited)",
					"@executable_path/../Frameworks",
				);
				MACOSX_DEPLOYMENT_TARGET = 13.5;
				MARKETING_VERSION = 1.0;
				PRODUCT_BUNDLE_IDENTIFIER = rw.lynk.app.ernest.mac;
				PRODUCT_NAME = "$(TARGET_NAME)";
				SDKROOT = macosx;
				SWIFT_EMIT_LOC_STRINGS = YES;
				SWIFT_VERSION = 5.0;
			};
			name = Debug;
		};
		6CFC313D2DEB023E003BCCBF /* Release */ = {
			isa = XCBuildConfiguration;
			buildSettings = {
				ASSETCATALOG_COMPILER_APPICON_NAME = AppIcon;
				ASSETCATALOG_COMPILER_GLOBAL_ACCENT_COLOR_NAME = AccentColor;
				ASSETCATALOG_COMPILER_INCLUDE_ALL_APPICON_ASSETS = NO;
				CODE_SIGN_ENTITLEMENTS = "Lynk-mac/Lynk_mac.entitlements";
				CODE_SIGN_STYLE = Automatic;
				COMBINE_HIDPI_IMAGES = YES;
				CURRENT_PROJECT_VERSION = 1;
				DEVELOPMENT_ASSET_PATHS = "\"Lynk-mac/Preview Content\"";
				ENABLE_PREVIEWS = YES;
				GENERATE_INFOPLIST_FILE = YES;
				INFOPLIST_KEY_CFBundleDisplayName = Lynk;
				INFOPLIST_KEY_NSHumanReadableCopyright = "";
				LD_RUNPATH_SEARCH_PATHS = (
					"$(inherited)",
					"@executable_path/../Frameworks",
				);
				MACOSX_DEPLOYMENT_TARGET = 13.5;
				MARKETING_VERSION = 1.0;
				PRODUCT_BUNDLE_IDENTIFIER = rw.lynk.app.ernest.mac;
				PRODUCT_NAME = "$(TARGET_NAME)";
				SDKROOT = macosx;
				SWIFT_EMIT_LOC_STRINGS = YES;
				SWIFT_VERSION = 5.0;
			};
			name = Release;
		};
/* End XCBuildConfiguration section */

/* Begin XCConfigurationList section */
		6CF5BDF72DA6CB4500EFE633 /* Build configuration list for PBXProject "Lynk" */ = {
			isa = XCConfigurationList;
			buildConfigurations = (
				6CF5BE082DA6CB4600EFE633 /* Debug */,
				6CF5BE092DA6CB4600EFE633 /* Release */,
			);
			defaultConfigurationIsVisible = 0;
			defaultConfigurationName = Release;
		};
		6CF5BE0A2DA6CB4600EFE633 /* Build configuration list for PBXNativeTarget "Lynk" */ = {
			isa = XCConfigurationList;
			buildConfigurations = (
				6CF5BE0B2DA6CB4600EFE633 /* Debug */,
				6CF5BE0C2DA6CB4600EFE633 /* Release */,
			);
			defaultConfigurationIsVisible = 0;
			defaultConfigurationName = Release;
		};
		6CF5BE362DA6E65100EFE633 /* Build configuration list for PBXNativeTarget "LynkBookmark" */ = {
			isa = XCConfigurationList;
			buildConfigurations = (
				6CF5BE372DA6E65100EFE633 /* Debug */,
				6CF5BE382DA6E65100EFE633 /* Release */,
			);
			defaultConfigurationIsVisible = 0;
			defaultConfigurationName = Release;
		};
		6CFC313B2DEB023E003BCCBF /* Build configuration list for PBXNativeTarget "Lynk-mac" */ = {
			isa = XCConfigurationList;
			buildConfigurations = (
				6CFC313C2DEB023E003BCCBF /* Debug */,
				6CFC313D2DEB023E003BCCBF /* Release */,
			);
			defaultConfigurationIsVisible = 0;
			defaultConfigurationName = Release;
		};
/* End XCConfigurationList section */
	};
	rootObject = 6CF5BDF42DA6CB4500EFE633 /* Project object */;
}
